
Microsoft Visual Studio Solution File, Format Version 12.00
# Visual Studio Version 17
VisualStudioVersion = 17.14.36212.18 d17.14
MinimumVisualStudioVersion = 10.0.40219.1
Project("{888888A0-9F3D-457C-B088-3A5042F75D52}") = "To do list", "To do list\To do list.pyproj", "{BF25299F-E160-48FF-A94D-165C781E78A0}"
EndProject
Global
	GlobalSection(SolutionConfigurationPlatforms) = preSolution
		Debug|Any CPU = Debug|Any CPU
		Release|Any CPU = Release|Any CPU
	EndGlobalSection
	GlobalSection(ProjectConfigurationPlatforms) = postSolution
		{BF25299F-E160-48FF-A94D-165C781E78A0}.Debug|Any CPU.ActiveCfg = Debug|Any CPU
		{BF25299F-E160-48FF-A94D-165C781E78A0}.Release|Any CPU.ActiveCfg = Release|Any CPU
	EndGlobalSection
	GlobalSection(SolutionProperties) = preSolution
		HideSolutionNode = FALSE
	EndGlobalSection
	GlobalSection(ExtensibilityGlobals) = postSolution
		SolutionGuid = {0307BF14-F452-4768-9316-753B3CE3A318}
	EndGlobalSection
EndGlobal
