
Microsoft Visual Studio Solution File, Format Version 12.00
# Visual Studio Version 17
VisualStudioVersion = 17.13.35828.75 d17.13
MinimumVisualStudioVersion = 10.0.40219.1
Project("{FAE04EC0-301F-11D3-BF4B-00C04F79EFBC}") = "Exception handling", "Exception handling\Exception handling.csproj", "{09A3F1FC-7C7C-4375-AF8B-713C288B24EB}"
EndProject
Global
	GlobalSection(SolutionConfigurationPlatforms) = preSolution
		Debug|Any CPU = Debug|Any CPU
		Release|Any CPU = Release|Any CPU
	EndGlobalSection
	GlobalSection(ProjectConfigurationPlatforms) = postSolution
		{09A3F1FC-7C7C-4375-AF8B-713C288B24EB}.Debug|Any CPU.ActiveCfg = Debug|Any CPU
		{09A3F1FC-7C7C-4375-AF8B-713C288B24EB}.Debug|Any CPU.Build.0 = Debug|Any CPU
		{09A3F1FC-7C7C-4375-AF8B-713C288B24EB}.Release|Any CPU.ActiveCfg = Release|Any CPU
		{09A3F1FC-7C7C-4375-AF8B-713C288B24EB}.Release|Any CPU.Build.0 = Release|Any CPU
	EndGlobalSection
	GlobalSection(SolutionProperties) = preSolution
		HideSolutionNode = FALSE
	EndGlobalSection
	GlobalSection(ExtensibilityGlobals) = postSolution
		SolutionGuid = {ED7E6AFE-02C6-4F19-BE8B-DD907288F627}
	EndGlobalSection
EndGlobal
